Microsoft Visual Studio Solution File, Format Version 12.00
# Visual Studio Version 17
VisualStudioVersion = 17.8.34316.72
MinimumVisualStudioVersion = 10.0.40219.1
Project("{9A19103F-16F7-4668-BE54-9A1E7A4F7556}") = "Billing.API", "src\Billing.API\Billing.API.csproj", "{A1234567-B890-1234-C567-D89012345678}"
EndProject
Project("{9A19103F-16F7-4668-BE54-9A1E7A4F7556}") = "Billing.Application", "src\Billing.Application\Billing.Application.csproj", "{B2345678-C901-2345-D678-E89012345679}"
EndProject
Project("{9A19103F-16F7-4668-BE54-9A1E7A4F7556}") = "Billing.Contracts", "src\Billing.Contracts\Billing.Contracts.csproj", "{C3456789-D012-3456-E789-F90123456780}"
EndProject
Project("{9A19103F-16F7-4668-BE54-9A1E7A4F7556}") = "Billing.Domain", "src\Billing.Domain\Billing.Domain.csproj", "{D4567890-E123-4567-F890-001234567891}"
EndProject
Project("{9A19103F-16F7-4668-BE54-9A1E7A4F7556}") = "Billing.Infrastructure", "src\Billing.Infrastructure\Billing.Infrastructure.csproj", "{E5678901-F234-5678-0123-112345678902}"
EndProject
Project("{9A19103F-16F7-4668-BE54-9A1E7A4F7556}") = "Billing.Persistence", "src\Billing.Persistence\Billing.Persistence.csproj", "{F6789012-0345-6789-1234-223456789013}"
EndProject
Global
	GlobalSection(SolutionConfigurationPlatforms) = preSolution
		Debug|Any CPU = Debug|Any CPU
		Release|Any CPU = Release|Any CPU
	EndGlobalSection
	GlobalSection(ProjectConfigurationPlatforms) = postSolution
		{A1234567-B890-1234-C567-D89012345678}.Debug|Any CPU.ActiveCfg = Debug|Any CPU
		{A1234567-B890-1234-C567-D89012345678}.Debug|Any CPU.Build.0 = Debug|Any CPU
		{A1234567-B890-1234-C567-D89012345678}.Release|Any CPU.ActiveCfg = Release|Any CPU
		{A1234567-B890-1234-C567-D89012345678}.Release|Any CPU.Build.0 = Release|Any CPU
		{B2345678-C901-2345-D678-E89012345679}.Debug|Any CPU.ActiveCfg = Debug|Any CPU
		{B2345678-C901-2345-D678-E89012345679}.Debug|Any CPU.Build.0 = Debug|Any CPU
		{B2345678-C901-2345-D678-E89012345679}.Release|Any CPU.ActiveCfg = Release|Any CPU
		{B2345678-C901-2345-D678-E89012345679}.Release|Any CPU.Build.0 = Release|Any CPU
		{C3456789-D012-3456-E789-F90123456780}.Debug|Any CPU.ActiveCfg = Debug|Any CPU
		{C3456789-D012-3456-E789-F90123456780}.Debug|Any CPU.Build.0 = Debug|Any CPU
		{C3456789-D012-3456-E789-F90123456780}.Release|Any CPU.ActiveCfg = Release|Any CPU
		{C3456789-D012-3456-E789-F90123456780}.Release|Any CPU.Build.0 = Release|Any CPU
		{D4567890-E123-4567-F890-001234567891}.Debug|Any CPU.ActiveCfg = Debug|Any CPU
		{D4567890-E123-4567-F890-001234567891}.Debug|Any CPU.Build.0 = Debug|Any CPU
		{D4567890-E123-4567-F890-001234567891}.Release|Any CPU.ActiveCfg = Release|Any CPU
		{D4567890-E123-4567-F890-001234567891}.Release|Any CPU.Build.0 = Release|Any CPU
		{E5678901-F234-5678-0123-112345678902}.Debug|Any CPU.ActiveCfg = Debug|Any CPU
		{E5678901-F234-5678-0123-112345678902}.Debug|Any CPU.Build.0 = Debug|Any CPU
		{E5678901-F234-5678-0123-112345678902}.Release|Any CPU.ActiveCfg = Release|Any CPU
		{E5678901-F234-5678-0123-112345678902}.Release|Any CPU.Build.0 = Release|Any CPU
		{F6789012-0345-6789-1234-223456789013}.Debug|Any CPU.ActiveCfg = Debug|Any CPU
		{F6789012-0345-6789-1234-223456789013}.Debug|Any CPU.Build.0 = Debug|Any CPU
		{F6789012-0345-6789-1234-223456789013}.Release|Any CPU.ActiveCfg = Release|Any CPU
		{F6789012-0345-6789-1234-223456789013}.Release|Any CPU.Build.0 = Release|Any CPU
	EndGlobalSection
EndGlobal
